// !$*UTF8*$!
{
	archiveVersion = 1;
	classes = {
	};
	objectVersion = 46;
	objects = {

/* Begin PBXBuildFile section */
		3C9F497E1EFD4B02008AB676 /* AppDelegate.swift in Sources */ = {isa = PBXBuildFile; fileRef = 3C9F497D1EFD4B02008AB676 /* AppDelegate.swift */; };
		3C9F49801EFD4B02008AB676 /* ViewController.swift in Sources */ = {isa = PBXBuildFile; fileRef = 3C9F497F1EFD4B02008AB676 /* ViewController.swift */; };
		3C9F49831EFD4B02008AB676 /* Main.storyboard in Resources */ = {isa = PBXBuildFile; fileRef = 3C9F49811EFD4B02008AB676 /* Main.storyboard */; };
		3C9F49851EFD4B02008AB676 /* Assets.xcassets in Resources */ = {isa = PBXBuildFile; fileRef = 3C9F49841EFD4B02008AB676 /* Assets.xcassets */; };
		3C9F49881EFD4B02008AB676 /* LaunchScreen.storyboard in Resources */ = {isa = PBXBuildFile; fileRef = 3C9F49861EFD4B02008AB676 /* LaunchScreen.storyboard */; };
		3C9F49931EFD4B02008AB676 /* BlognoneDemoTests.swift in Sources */ = {isa = PBXBuildFile; fileRef = 3C9F49921EFD4B02008AB676 /* BlognoneDemoTests.swift */; };
		3C9F499E1EFD4B02008AB676 /* BlognoneDemoUITests.swift in Sources */ = {isa = PBXBuildFile; fileRef = 3C9F499D1EFD4B02008AB676 /* BlognoneDemoUITests.swift */; };
/* End PBXBuildFile section */

/* Begin PBXContainerItemProxy section */
		3C9F498F1EFD4B02008AB676 /* PBXContainerItemProxy */ = {
			isa = PBXContainerItemProxy;
			containerPortal = 3C9F49721EFD4B02008AB676 /* Project object */;
			proxyType = 1;
			remoteGlobalIDString = 3C9F49791EFD4B02008AB676;
			remoteInfo = BlognoneDemo;
		};
		3C9F499A1EFD4B02008AB676 /* PBXContainerItemProxy */ = {
			isa = PBXContainerItemProxy;
			containerPortal = 3C9F49721EFD4B02008AB676 /* Project object */;
			proxyType = 1;
			remoteGlobalIDString = 3C9F49791EFD4B02008AB676;
			remoteInfo = BlognoneDemo;
		};
/* End PBXContainerItemProxy section */

/* Begin PBXFileReference section */
		3C9F497A1EFD4B02008AB676 /* BlognoneDemo.app */ = {isa = PBXFileReference; explicitFileType = wrapper.application; includeInIndex = 0; path = BlognoneDemo.app; sourceTree = BUILT_PRODUCTS_DIR; };
		3C9F497D1EFD4B02008AB676 /* AppDelegate.swift */ = {isa = PBXFileReference; lastKnownFileType = sourcecode.swift; path = AppDelegate.swift; sourceTree = "<group>"; };
		3C9F497F1EFD4B02008AB676 /* ViewController.swift */ = {isa = PBXFileReference; lastKnownFileType = sourcecode.swift; path = ViewController.swift; sourceTree = "<group>"; };
		3C9F49821EFD4B02008AB676 /* Base */ = {isa = PBXFileReference; lastKnownFileType = file.storyboard; name = Base; path = Base.lproj/Main.storyboard; sourceTree = "<group>"; };
		3C9F49841EFD4B02008AB676 /* Assets.xcassets */ = {isa = PBXFileReference; lastKnownFileType = folder.assetcatalog; path = Assets.xcassets; sourceTree = "<group>"; };
		3C9F49871EFD4B02008AB676 /* Base */ = {isa = PBXFileReference; lastKnownFileType = file.storyboard; name = Base; path = Base.lproj/LaunchScreen.storyboard; sourceTree = "<group>"; };
		3C9F49891EFD4B02008AB676 /* Info.plist */ = {isa = PBXFileReference; lastKnownFileType = text.plist.xml; path = Info.plist; sourceTree = "<group>"; };
		3C9F498E1EFD4B02008AB676 /* BlognoneDemoTests.xctest */ = {isa = PBXFileReference; explicitFileType = wrapper.cfbundle; includeInIndex = 0; path = BlognoneDemoTests.xctest; sourceTree = BUILT_PRODUCTS_DIR; };
		3C9F49921EFD4B02008AB676 /* BlognoneDemoTests.swift */ = {isa = PBXFileReference; lastKnownFileType = sourcecode.swift; path = BlognoneDemoTests.swift; sourceTree = "<group>"; };
		3C9F49941EFD4B02008AB676 /* Info.plist */ = {isa = PBXFileReference; lastKnownFileType = text.plist.xml; path = Info.plist; sourceTree = "<group>"; };
		3C9F49991EFD4B02008AB676 /* BlognoneDemoUITests.xctest */ = {isa = PBXFileReference; explicitFileType = wrapper.cfbundle; includeInIndex = 0; path = BlognoneDemoUITests.xctest; sourceTree = BUILT_PRODUCTS_DIR; };
		3C9F499D1EFD4B02008AB676 /* BlognoneDemoUITests.swift */ = {isa = PBXFileReference; lastKnownFileType = sourcecode.swift; path = BlognoneDemoUITests.swift; sourceTree = "<group>"; };
		3C9F499F1EFD4B02008AB676 /* Info.plist */ = {isa = PBXFileReference; lastKnownFileType = text.plist.xml; path = Info.plist; sourceTree = "<group>"; };
/* End PBXFileReference section */

/* Begin PBXFrameworksBuildPhase section */
		3C9F49771EFD4B02008AB676 /* Frameworks */ = {
			isa = PBXFrameworksBuildPhase;
			buildActionMask = 2147483647;
			files = (
			);
			runOnlyForDeploymentPostprocessing = 0;
		};
		3C9F498B1EFD4B02008AB676 /* Frameworks */ = {
			isa = PBXFrameworksBuildPhase;
			buildActionMask = 2147483647;
			files = (
			);
			runOnlyForDeploymentPostprocessing = 0;
		};
		3C9F49961EFD4B02008AB676 /* Frameworks */ = {
			isa = PBXFrameworksBuildPhase;
			buildActionMask = 2147483647;
			files = (
			);
			runOnlyForDeploymentPostprocessing = 0;
		};
/* End PBXFrameworksBuildPhase section */

/* Begin PBXGroup section */
		3C9F49711EFD4B02008AB676 = {
			isa = PBXGroup;
			children = (
				3C9F497C1EFD4B02008AB676 /* BlognoneDemo */,
				3C9F49911EFD4B02008AB676 /* BlognoneDemoTests */,
				3C9F499C1EFD4B02008AB676 /* BlognoneDemoUITests */,
				3C9F497B1EFD4B02008AB676 /* Products */,
			);
			sourceTree = "<group>";
		};
		3C9F497B1EFD4B02008AB676 /* Products */ = {
			isa = PBXGroup;
			children = (
				3C9F497A1EFD4B02008AB676 /* BlognoneDemo.app */,
				3C9F498E1EFD4B02008AB676 /* BlognoneDemoTests.xctest */,
				3C9F49991EFD4B02008AB676 /* BlognoneDemoUITests.xctest */,
			);
			name = Products;
			sourceTree = "<group>";
		};
		3C9F497C1EFD4B02008AB676 /* BlognoneDemo */ = {
			isa = PBXGroup;
			children = (
				3C9F497D1EFD4B02008AB676 /* AppDelegate.swift */,
				3C9F497F1EFD4B02008AB676 /* ViewController.swift */,
				3C9F49811EFD4B02008AB676 /* Main.storyboard */,
				3C9F49841EFD4B02008AB676 /* Assets.xcassets */,
				3C9F49861EFD4B02008AB676 /* LaunchScreen.storyboard */,
				3C9F49891EFD4B02008AB676 /* Info.plist */,
			);
			path = BlognoneDemo;
			sourceTree = "<group>";
		};
		3C9F49911EFD4B02008AB676 /* BlognoneDemoTests */ = {
			isa = PBXGroup;
			children = (
				3C9F49921EFD4B02008AB676 /* BlognoneDemoTests.swift */,
				3C9F49941EFD4B02008AB676 /* Info.plist */,
			);
			path = BlognoneDemoTests;
			sourceTree = "<group>";
		};
		3C9F499C1EFD4B02008AB676 /* BlognoneDemoUITests */ = {
			isa = PBXGroup;
			children = (
				3C9F499D1EFD4B02008AB676 /* BlognoneDemoUITests.swift */,
				3C9F499F1EFD4B02008AB676 /* Info.plist */,
			);
			path = BlognoneDemoUITests;
			sourceTree = "<group>";
		};
/* End PBXGroup section */

/* Begin PBXNativeTarget section */
		3C9F49791EFD4B02008AB676 /* BlognoneDemo */ = {
			isa = PBXNativeTarget;
			buildConfigurationList = 3C9F49A21EFD4B02008AB676 /* Build configuration list for PBXNativeTarget "BlognoneDemo" */;
			buildPhases = (
				3C9F49761EFD4B02008AB676 /* Sources */,
				3C9F49771EFD4B02008AB676 /* Frameworks */,
				3C9F49781EFD4B02008AB676 /* Resources */,
			);
			buildRules = (
			);
			dependencies = (
			);
			name = BlognoneDemo;
			productName = BlognoneDemo;
			productReference = 3C9F497A1EFD4B02008AB676 /* BlognoneDemo.app */;
			productType = "com.apple.product-type.application";
		};
		3C9F498D1EFD4B02008AB676 /* BlognoneDemoTests */ = {
			isa = PBXNativeTarget;
			buildConfigurationList = 3C9F49A51EFD4B02008AB676 /* Build configuration list for PBXNativeTarget "BlognoneDemoTests" */;
			buildPhases = (
				3C9F498A1EFD4B02008AB676 /* Sources */,
				3C9F498B1EFD4B02008AB676 /* Frameworks */,
				3C9F498C1EFD4B02008AB676 /* Resources */,
			);
			buildRules = (
			);
			dependencies = (
				3C9F49901EFD4B02008AB676 /* PBXTargetDependency */,
			);
			name = BlognoneDemoTests;
			productName = BlognoneDemoTests;
			productReference = 3C9F498E1EFD4B02008AB676 /* BlognoneDemoTests.xctest */;
			productType = "com.apple.product-type.bundle.unit-test";
		};
		3C9F49981EFD4B02008AB676 /* BlognoneDemoUITests */ = {
			isa = PBXNativeTarget;
			buildConfigurationList = 3C9F49A81EFD4B02008AB676 /* Build configuration list for PBXNativeTarget "BlognoneDemoUITests" */;
			buildPhases = (
				3C9F49951EFD4B02008AB676 /* Sources */,
				3C9F49961EFD4B02008AB676 /* Frameworks */,
				3C9F49971EFD4B02008AB676 /* Resources */,
			);
			buildRules = (
			);
			dependencies = (
				3C9F499B1EFD4B02008AB676 /* PBXTargetDependency */,
			);
			name = BlognoneDemoUITests;
			productName = BlognoneDemoUITests;
			productReference = 3C9F49991EFD4B02008AB676 /* BlognoneDemoUITests.xctest */;
			productType = "com.apple.product-type.bundle.ui-testing";
		};
/* End PBXNativeTarget section */

/* Begin PBXProject section */
		3C9F49721EFD4B02008AB676 /* Project object */ = {
			isa = PBXProject;
			attributes = {
				LastSwiftUpdateCheck = 0830;
				LastUpgradeCheck = 0830;
				ORGANIZATIONNAME = "Suraphan 'Rawd' Laokondee";
				TargetAttributes = {
					3C9F49791EFD4B02008AB676 = {
						CreatedOnToolsVersion = 8.3.2;
						DevelopmentTeam = F86DW2R66C;
						ProvisioningStyle = Automatic;
					};
					3C9F498D1EFD4B02008AB676 = {
						CreatedOnToolsVersion = 8.3.2;
						DevelopmentTeam = F86DW2R66C;
						ProvisioningStyle = Automatic;
						TestTargetID = 3C9F49791EFD4B02008AB676;
					};
					3C9F49981EFD4B02008AB676 = {
						CreatedOnToolsVersion = 8.3.2;
						DevelopmentTeam = F86DW2R66C;
						ProvisioningStyle = Automatic;
						TestTargetID = 3C9F49791EFD4B02008AB676;
					};
				};
			};
			buildConfigurationList = 3C9F49751EFD4B02008AB676 /* Build configuration list for PBXProject "BlognoneDemo" */;
			compatibilityVersion = "Xcode 3.2";
			developmentRegion = English;
			hasScannedForEncodings = 0;
			knownRegions = (
				en,
				Base,
			);
			mainGroup = 3C9F49711EFD4B02008AB676;
			productRefGroup = 3C9F497B1EFD4B02008AB676 /* Products */;
			projectDirPath = "";
			projectRoot = "";
			targets = (
				3C9F49791EFD4B02008AB676 /* BlognoneDemo */,
				3C9F498D1EFD4B02008AB676 /* BlognoneDemoTests */,
				3C9F49981EFD4B02008AB676 /* BlognoneDemoUITests */,
			);
		};
/* End PBXProject section */

/* Begin PBXResourcesBuildPhase section */
		3C9F49781EFD4B02008AB676 /* Resources */ = {
			isa = PBXResourcesBuildPhase;
			buildActionMask = 2147483647;
			files = (
				3C9F49881EFD4B02008AB676 /* LaunchScreen.storyboard in Resources */,
				3C9F49851EFD4B02008AB676 /* Assets.xcassets in Resources */,
				3C9F49831EFD4B02008AB676 /* Main.storyboard in Resources */,
			);
			runOnlyForDeploymentPostprocessing = 0;
		};
		3C9F498C1EFD4B02008AB676 /* Resources */ = {
			isa = PBXResourcesBuildPhase;
			buildActionMask = 2147483647;
			files = (
			);
			runOnlyForDeploymentPostprocessing = 0;
		};
		3C9F49971EFD4B02008AB676 /* Resources */ = {
			isa = PBXResourcesBuildPhase;
			buildActionMask = 2147483647;
			files = (
			);
			runOnlyForDeploymentPostprocessing = 0;
		};
/* End PBXResourcesBuildPhase section */

/* Begin PBXSourcesBuildPhase section */
		3C9F49761EFD4B02008AB676 /* Sources */ = {
			isa = PBXSourcesBuildPhase;
			buildActionMask = 2147483647;
			files = (
				3C9F49801EFD4B02008AB676 /* ViewController.swift in Sources */,
				3C9F497E1EFD4B02008AB676 /* AppDelegate.swift in Sources */,
			);
			runOnlyForDeploymentPostprocessing = 0;
		};
		3C9F498A1EFD4B02008AB676 /* Sources */ = {
			isa = PBXSourcesBuildPhase;
			buildActionMask = 2147483647;
			files = (
				3C9F49931EFD4B02008AB676 /* BlognoneDemoTests.swift in Sources */,
			);
			runOnlyForDeploymentPostprocessing = 0;
		};
		3C9F49951EFD4B02008AB676 /* Sources */ = {
			isa = PBXSourcesBuildPhase;
			buildActionMask = 2147483647;
			files = (
				3C9F499E1EFD4B02008AB676 /* BlognoneDemoUITests.swift in Sources */,
			);
			runOnlyForDeploymentPostprocessing = 0;
		};
/* End PBXSourcesBuildPhase section */

/* Begin PBXTargetDependency section */
		3C9F49901EFD4B02008AB676 /* PBXTargetDependency */ = {
			isa = PBXTargetDependency;
			target = 3C9F49791EFD4B02008AB676 /* BlognoneDemo */;
			targetProxy = 3C9F498F1EFD4B02008AB676 /* PBXContainerItemProxy */;
		};
		3C9F499B1EFD4B02008AB676 /* PBXTargetDependency */ = {
			isa = PBXTargetDependency;
			target = 3C9F49791EFD4B02008AB676 /* BlognoneDemo */;
			targetProxy = 3C9F499A1EFD4B02008AB676 /* PBXContainerItemProxy */;
		};
/* End PBXTargetDependency section */

/* Begin PBXVariantGroup section */
		3C9F49811EFD4B02008AB676 /* Main.storyboard */ = {
			isa = PBXVariantGroup;
			children = (
				3C9F49821EFD4B02008AB676 /* Base */,
			);
			name = Main.storyboard;
			sourceTree = "<group>";
		};
		3C9F49861EFD4B02008AB676 /* LaunchScreen.storyboard */ = {
			isa = PBXVariantGroup;
			children = (
				3C9F49871EFD4B02008AB676 /* Base */,
			);
			name = LaunchScreen.storyboard;
			sourceTree = "<group>";
		};
/* End PBXVariantGroup section */

/* Begin XCBuildConfiguration section */
		3C9F49A01EFD4B02008AB676 /* Debug */ = {
			isa = XCBuildConfiguration;
			buildSettings = {
				ALWAYS_SEARCH_USER_PATHS = NO;
				CLANG_ANALYZER_NONNULL = YES;
				CLANG_ANALYZER_NUMBER_OBJECT_CONVERSION = YES_AGGRESSIVE;
				CLANG_CXX_LANGUAGE_STANDARD = "gnu++0x";
				CLANG_CXX_LIBRARY = "libc++";
				CLANG_ENABLE_MODULES = YES;
				CLANG_ENABLE_OBJC_ARC = YES;
				CLANG_WARN_BOOL_CONVERSION = YES;
				CLANG_WARN_CONSTANT_CONVERSION = YES;
				CLANG_WARN_DIRECT_OBJC_ISA_USAGE = YES_ERROR;
				CLANG_WARN_DOCUMENTATION_COMMENTS = YES;
				CLANG_WARN_EMPTY_BODY = YES;
				CLANG_WARN_ENUM_CONVERSION = YES;
				CLANG_WARN_INFINITE_RECURSION = YES;
				CLANG_WARN_INT_CONVERSION = YES;
				CLANG_WARN_OBJC_ROOT_CLASS = YES_ERROR;
				CLANG_WARN_SUSPICIOUS_MOVE = YES;
				CLANG_WARN_UNREACHABLE_CODE = YES;
				CLANG_WARN__DUPLICATE_METHOD_MATCH = YES;
				"CODE_SIGN_IDENTITY[sdk=iphoneos*]" = "iPhone Developer";
				COPY_PHASE_STRIP = NO;
				DEBUG_INFORMATION_FORMAT = dwarf;
				ENABLE_STRICT_OBJC_MSGSEND = YES;
				ENABLE_TESTABILITY = YES;
				GCC_C_LANGUAGE_STANDARD = gnu99;
				GCC_DYNAMIC_NO_PIC = NO;
				GCC_NO_COMMON_BLOCKS = YES;
				GCC_OPTIMIZATION_LEVEL = 0;
				GCC_PREPROCESSOR_DEFINITIONS = (
					"DEBUG=1",
					"$(inherited)",
				);
				GCC_WARN_64_TO_32_BIT_CONVERSION = YES;
				GCC_WARN_ABOUT_RETURN_TYPE = YES_ERROR;
				GCC_WARN_UNDECLARED_SELECTOR = YES;
				GCC_WARN_UNINITIALIZED_AUTOS = YES_AGGRESSIVE;
				GCC_WARN_UNUSED_FUNCTION = YES;
				GCC_WARN_UNUSED_VARIABLE = YES;
				IPHONEOS_DEPLOYMENT_TARGET = 10.3;
				MTL_ENABLE_DEBUG_INFO = YES;
				ONLY_ACTIVE_ARCH = YES;
				SDKROOT = iphoneos;
				SWIFT_ACTIVE_COMPILATION_CONDITIONS = DEBUG;
				SWIFT_OPTIMIZATION_LEVEL = "-Onone";
			};
			name = Debug;
		};
		3C9F49A11EFD4B02008AB676 /* Release */ = {
			isa = XCBuildConfiguration;
			buildSettings = {
				ALWAYS_SEARCH_USER_PATHS = NO;
				CLANG_ANALYZER_NONNULL = YES;
				CLANG_ANALYZER_NUMBER_OBJECT_CONVERSION = YES_AGGRESSIVE;
				CLANG_CXX_LANGUAGE_STANDARD = "gnu++0x";
				CLANG_CXX_LIBRARY = "libc++";
				CLANG_ENABLE_MODULES = YES;
				CLANG_ENABLE_OBJC_ARC = YES;
				CLANG_WARN_BOOL_CONVERSION = YES;
				CLANG_WARN_CONSTANT_CONVERSION = YES;
				CLANG_WARN_DIRECT_OBJC_ISA_USAGE = YES_ERROR;
				CLANG_WARN_DOCUMENTATION_COMMENTS = YES;
				CLANG_WARN_EMPTY_BODY = YES;
				CLANG_WARN_ENUM_CONVERSION = YES;
				CLANG_WARN_INFINITE_RECURSION = YES;
				CLANG_WARN_INT_CONVERSION = YES;
				CLANG_WARN_OBJC_ROOT_CLASS = YES_ERROR;
				CLANG_WARN_SUSPICIOUS_MOVE = YES;
				CLANG_WARN_UNREACHABLE_CODE = YES;
				CLANG_WARN__DUPLICATE_METHOD_MATCH = YES;
				"CODE_SIGN_IDENTITY[sdk=iphoneos*]" = "iPhone Developer";
				COPY_PHASE_STRIP = NO;
				DEBUG_INFORMATION_FORMAT = "dwarf-with-dsym";
				ENABLE_NS_ASSERTIONS = NO;
				ENABLE_STRICT_OBJC_MSGSEND = YES;
				GCC_C_LANGUAGE_STANDARD = gnu99;
				GCC_NO_COMMON_BLOCKS = YES;
				GCC_WARN_64_TO_32_BIT_CONVERSION = YES;
				GCC_WARN_ABOUT_RETURN_TYPE = YES_ERROR;
				GCC_WARN_UNDECLARED_SELECTOR = YES;
				GCC_WARN_UNINITIALIZED_AUTOS = YES_AGGRESSIVE;
				GCC_WARN_UNUSED_FUNCTION = YES;
				GCC_WARN_UNUSED_VARIABLE = YES;
				IPHONEOS_DEPLOYMENT_TARGET = 10.3;
				MTL_ENABLE_DEBUG_INFO = NO;
				SDKROOT = iphoneos;
				SWIFT_OPTIMIZATION_LEVEL = "-Owholemodule";
				VALIDATE_PRODUCT = YES;
			};
			name = Release;
		};
		3C9F49A31EFD4B02008AB676 /* Debug */ = {
			isa = XCBuildConfiguration;
			buildSettings = {
				ASSETCATALOG_COMPILER_APPICON_NAME = AppIcon;
				DEVELOPMENT_TEAM = F86DW2R66C;
				INFOPLIST_FILE = BlognoneDemo/Info.plist;
				LD_RUNPATH_SEARCH_PATHS = "$(inherited) @executable_path/Frameworks";
				PRODUCT_BUNDLE_IDENTIFIER = com.rawd.BlognoneDemo;
				PRODUCT_NAME = "$(TARGET_NAME)";
				SWIFT_VERSION = 3.0;
			};
			name = Debug;
		};
		3C9F49A41EFD4B02008AB676 /* Release */ = {
			isa = XCBuildConfiguration;
			buildSettings = {
				ASSETCATALOG_COMPILER_APPICON_NAME = AppIcon;
				DEVELOPMENT_TEAM = F86DW2R66C;
				INFOPLIST_FILE = BlognoneDemo/Info.plist;
				LD_RUNPATH_SEARCH_PATHS = "$(inherited) @executable_path/Frameworks";
				PRODUCT_BUNDLE_IDENTIFIER = com.rawd.BlognoneDemo;
				PRODUCT_NAME = "$(TARGET_NAME)";
				SWIFT_VERSION = 3.0;
			};
			name = Release;
		};
		3C9F49A61EFD4B02008AB676 /* Debug */ = {
			isa = XCBuildConfiguration;
			buildSettings = {
				ALWAYS_EMBED_SWIFT_STANDARD_LIBRARIES = YES;
				BUNDLE_LOADER = "$(TEST_HOST)";
				DEVELOPMENT_TEAM = F86DW2R66C;
				INFOPLIST_FILE = BlognoneDemoTests/Info.plist;
				LD_RUNPATH_SEARCH_PATHS = "$(inherited) @executable_path/Frameworks @loader_path/Frameworks";
				PRODUCT_BUNDLE_IDENTIFIER = com.rawd.BlognoneDemoTests;
				PRODUCT_NAME = "$(TARGET_NAME)";
				SWIFT_VERSION = 3.0;
				TEST_HOST = "$(BUILT_PRODUCTS_DIR)/BlognoneDemo.app/BlognoneDemo";
			};
			name = Debug;
		};
		3C9F49A71EFD4B02008AB676 /* Release */ = {
			isa = XCBuildConfiguration;
			buildSettings = {
				ALWAYS_EMBED_SWIFT_STANDARD_LIBRARIES = YES;
				BUNDLE_LOADER = "$(TEST_HOST)";
				DEVELOPMENT_TEAM = F86DW2R66C;
				INFOPLIST_FILE = BlognoneDemoTests/Info.plist;
				LD_RUNPATH_SEARCH_PATHS = "$(inherited) @executable_path/Frameworks @loader_path/Frameworks";
				PRODUCT_BUNDLE_IDENTIFIER = com.rawd.BlognoneDemoTests;
				PRODUCT_NAME = "$(TARGET_NAME)";
				SWIFT_VERSION = 3.0;
				TEST_HOST = "$(BUILT_PRODUCTS_DIR)/BlognoneDemo.app/BlognoneDemo";
			};
			name = Release;
		};
		3C9F49A91EFD4B02008AB676 /* Debug */ = {
			isa = XCBuildConfiguration;
			buildSettings = {
				ALWAYS_EMBED_SWIFT_STANDARD_LIBRARIES = YES;
				DEVELOPMENT_TEAM = F86DW2R66C;
				INFOPLIST_FILE = BlognoneDemoUITests/Info.plist;
				LD_RUNPATH_SEARCH_PATHS = "$(inherited) @executable_path/Frameworks @loader_path/Frameworks";
				PRODUCT_BUNDLE_IDENTIFIER = com.rawd.BlognoneDemoUITests;
				PRODUCT_NAME = "$(TARGET_NAME)";
				SWIFT_VERSION = 3.0;
				TEST_TARGET_NAME = BlognoneDemo;
			};
			name = Debug;
		};
		3C9F49AA1EFD4B02008AB676 /* Release */ = {
			isa = XCBuildConfiguration;
			buildSettings = {
				ALWAYS_EMBED_SWIFT_STANDARD_LIBRARIES = YES;
				DEVELOPMENT_TEAM = F86DW2R66C;
				INFOPLIST_FILE = BlognoneDemoUITests/Info.plist;
				LD_RUNPATH_SEARCH_PATHS = "$(inherited) @executable_path/Frameworks @loader_path/Frameworks";
				PRODUCT_BUNDLE_IDENTIFIER = com.rawd.BlognoneDemoUITests;
				PRODUCT_NAME = "$(TARGET_NAME)";
				SWIFT_VERSION = 3.0;
				TEST_TARGET_NAME = BlognoneDemo;
			};
			name = Release;
		};
/* End XCBuildConfiguration section */

/* Begin XCConfigurationList section */
		3C9F49751EFD4B02008AB676 /* Build configuration list for PBXProject "BlognoneDemo" */ = {
			isa = XCConfigurationList;
			buildConfigurations = (
				3C9F49A01EFD4B02008AB676 /* Debug */,
				3C9F49A11EFD4B02008AB676 /* Release */,
			);
			defaultConfigurationIsVisible = 0;
			defaultConfigurationName = Release;
		};
		3C9F49A21EFD4B02008AB676 /* Build configuration list for PBXNativeTarget "BlognoneDemo" */ = {
			isa = XCConfigurationList;
			buildConfigurations = (
				3C9F49A31EFD4B02008AB676 /* Debug */,
				3C9F49A41EFD4B02008AB676 /* Release */,
			);
			defaultConfigurationIsVisible = 0;
		};
		3C9F49A51EFD4B02008AB676 /* Build configuration list for PBXNativeTarget "BlognoneDemoTests" */ = {
			isa = XCConfigurationList;
			buildConfigurations = (
				3C9F49A61EFD4B02008AB676 /* Debug */,
				3C9F49A71EFD4B02008AB676 /* Release */,
			);
			defaultConfigurationIsVisible = 0;
		};
		3C9F49A81EFD4B02008AB676 /* Build configuration list for PBXNativeTarget "BlognoneDemoUITests" */ = {
			isa = XCConfigurationList;
			buildConfigurations = (
				3C9F49A91EFD4B02008AB676 /* Debug */,
				3C9F49AA1EFD4B02008AB676 /* Release */,
			);
			defaultConfigurationIsVisible = 0;
		};
/* End XCConfigurationList section */
	};
	rootObject = 3C9F49721EFD4B02008AB676 /* Project object */;
}
